
Microsoft Visual Studio Solution File, Format Version 12.00
# Visual Studio Version 16
VisualStudioVersion = 16.0.31729.503
MinimumVisualStudioVersion = 10.0.40219.1
Project("{FAE04EC0-301F-11D3-BF4B-00C04F79EFBC}") = "tabuada", "tabuada\tabuada.csproj", "{478626C8-5519-4884-AA34-DEC9EB21510F}"
EndProject
Global
	GlobalSection(SolutionConfigurationPlatforms) = preSolution
		Debug|Any CPU = Debug|Any CPU
		Release|Any CPU = Release|Any CPU
	EndGlobalSection
	GlobalSection(ProjectConfigurationPlatforms) = postSolution
		{478626C8-5519-4884-AA34-DEC9EB21510F}.Debug|Any CPU.ActiveCfg = Debug|Any CPU
		{478626C8-5519-4884-AA34-DEC9EB21510F}.Debug|Any CPU.Build.0 = Debug|Any CPU
		{478626C8-5519-4884-AA34-DEC9EB21510F}.Release|Any CPU.ActiveCfg = Release|Any CPU
		{478626C8-5519-4884-AA34-DEC9EB21510F}.Release|Any CPU.Build.0 = Release|Any CPU
	EndGlobalSection
	GlobalSection(SolutionProperties) = preSolution
		HideSolutionNode = FALSE
	EndGlobalSection
	GlobalSection(ExtensibilityGlobals) = postSolution
		SolutionGuid = {3443F0E8-0605-4CCA-94D9-BBF4B5B94FD2}
	EndGlobalSection
EndGlobal
